
Microsoft Visual Studio Solution File, Format Version 12.00
# Visual Studio Version 17
VisualStudioVersion = 17.14.36401.2
MinimumVisualStudioVersion = 10.0.40219.1
Project("{FAE04EC0-301F-11D3-BF4B-00C04F79EFBC}") = "WpfApp1", "WpfApp1\WpfApp1.csproj", "{6DFF6FDE-19EA-46BB-92DE-E6C0929C4F7A}"
EndProject
Project("{FAE04EC0-301F-11D3-BF4B-00C04F79EFBC}") = "Demo.Layout", "Demo.Layout\Demo.Layout.csproj", "{FCE4DEAC-37D3-497F-9409-AFBCDC9293E9}"
EndProject
Global
	GlobalSection(SolutionConfigurationPlatforms) = preSolution
		Debug|Any CPU = Debug|Any CPU
		Release|Any CPU = Release|Any CPU
	EndGlobalSection
	GlobalSection(ProjectConfigurationPlatforms) = postSolution
		{6DFF6FDE-19EA-46BB-92DE-E6C0929C4F7A}.Debug|Any CPU.ActiveCfg = Debug|Any CPU
		{6DFF6FDE-19EA-46BB-92DE-E6C0929C4F7A}.Debug|Any CPU.Build.0 = Debug|Any CPU
		{6DFF6FDE-19EA-46BB-92DE-E6C0929C4F7A}.Release|Any CPU.ActiveCfg = Release|Any CPU
		{6DFF6FDE-19EA-46BB-92DE-E6C0929C4F7A}.Release|Any CPU.Build.0 = Release|Any CPU
		{FCE4DEAC-37D3-497F-9409-AFBCDC9293E9}.Debug|Any CPU.ActiveCfg = Debug|Any CPU
		{FCE4DEAC-37D3-497F-9409-AFBCDC9293E9}.Debug|Any CPU.Build.0 = Debug|Any CPU
		{FCE4DEAC-37D3-497F-9409-AFBCDC9293E9}.Release|Any CPU.ActiveCfg = Release|Any CPU
		{FCE4DEAC-37D3-497F-9409-AFBCDC9293E9}.Release|Any CPU.Build.0 = Release|Any CPU
	EndGlobalSection
	GlobalSection(SolutionProperties) = preSolution
		HideSolutionNode = FALSE
	EndGlobalSection
	GlobalSection(ExtensibilityGlobals) = postSolution
		SolutionGuid = {747C17AA-5720-498D-885A-0A7DCE4C98F0}
	EndGlobalSection
EndGlobal
